
Microsoft Visual Studio Solution File, Format Version 12.00
# Visual Studio 15
VisualStudioVersion = 15.0.26124.0
MinimumVisualStudioVersion = 15.0.26124.0
Project("{9A19103F-16F7-4668-BE54-9A1E7A4F7556}") = "ReflectionSpike", "ReflectionSpike\ReflectionSpike.csproj", "{AE29855D-88F5-4246-B290-358C6DE07D44}"
EndProject
Project("{FAE04EC0-301F-11D3-BF4B-00C04F79EFBC}") = "ReflectionSpikeNet47", "ReflectionSpikeNet47\ReflectionSpikeNet47.csproj", "{C1423CAC-EB48-4512-A8A6-5FC441ECAE31}"
EndProject
Global
	GlobalSection(SolutionConfigurationPlatforms) = preSolution
		Debug|Any CPU = Debug|Any CPU
		Debug|x64 = Debug|x64
		Debug|x86 = Debug|x86
		Release|Any CPU = Release|Any CPU
		Release|x64 = Release|x64
		Release|x86 = Release|x86
	EndGlobalSection
	GlobalSection(ProjectConfigurationPlatforms) = postSolution
		{AE29855D-88F5-4246-B290-358C6DE07D44}.Debug|Any CPU.ActiveCfg = Debug|Any CPU
		{AE29855D-88F5-4246-B290-358C6DE07D44}.Debug|Any CPU.Build.0 = Debug|Any CPU
		{AE29855D-88F5-4246-B290-358C6DE07D44}.Debug|x64.ActiveCfg = Debug|Any CPU
		{AE29855D-88F5-4246-B290-358C6DE07D44}.Debug|x64.Build.0 = Debug|Any CPU
		{AE29855D-88F5-4246-B290-358C6DE07D44}.Debug|x86.ActiveCfg = Debug|Any CPU
		{AE29855D-88F5-4246-B290-358C6DE07D44}.Debug|x86.Build.0 = Debug|Any CPU
		{AE29855D-88F5-4246-B290-358C6DE07D44}.Release|Any CPU.ActiveCfg = Release|Any CPU
		{AE29855D-88F5-4246-B290-358C6DE07D44}.Release|Any CPU.Build.0 = Release|Any CPU
		{AE29855D-88F5-4246-B290-358C6DE07D44}.Release|x64.ActiveCfg = Release|Any CPU
		{AE29855D-88F5-4246-B290-358C6DE07D44}.Release|x64.Build.0 = Release|Any CPU
		{AE29855D-88F5-4246-B290-358C6DE07D44}.Release|x86.ActiveCfg = Release|Any CPU
		{AE29855D-88F5-4246-B290-358C6DE07D44}.Release|x86.Build.0 = Release|Any CPU
		{C1423CAC-EB48-4512-A8A6-5FC441ECAE31}.Debug|Any CPU.ActiveCfg = Debug|Any CPU
		{C1423CAC-EB48-4512-A8A6-5FC441ECAE31}.Debug|Any CPU.Build.0 = Debug|Any CPU
		{C1423CAC-EB48-4512-A8A6-5FC441ECAE31}.Debug|x64.ActiveCfg = Debug|Any CPU
		{C1423CAC-EB48-4512-A8A6-5FC441ECAE31}.Debug|x64.Build.0 = Debug|Any CPU
		{C1423CAC-EB48-4512-A8A6-5FC441ECAE31}.Debug|x86.ActiveCfg = Debug|Any CPU
		{C1423CAC-EB48-4512-A8A6-5FC441ECAE31}.Debug|x86.Build.0 = Debug|Any CPU
		{C1423CAC-EB48-4512-A8A6-5FC441ECAE31}.Release|Any CPU.ActiveCfg = Release|Any CPU
		{C1423CAC-EB48-4512-A8A6-5FC441ECAE31}.Release|Any CPU.Build.0 = Release|Any CPU
		{C1423CAC-EB48-4512-A8A6-5FC441ECAE31}.Release|x64.ActiveCfg = Release|Any CPU
		{C1423CAC-EB48-4512-A8A6-5FC441ECAE31}.Release|x64.Build.0 = Release|Any CPU
		{C1423CAC-EB48-4512-A8A6-5FC441ECAE31}.Release|x86.ActiveCfg = Release|Any CPU
		{C1423CAC-EB48-4512-A8A6-5FC441ECAE31}.Release|x86.Build.0 = Release|Any CPU
	EndGlobalSection
	GlobalSection(SolutionProperties) = preSolution
		HideSolutionNode = FALSE
	EndGlobalSection
	GlobalSection(ExtensibilityGlobals) = postSolution
		SolutionGuid = {41D6F369-DF7E-46F7-8148-8F201EE57F31}
	EndGlobalSection
EndGlobal
